// !$*UTF8*$!
{
	archiveVersion = 1;
	classes = {
	};
	objectVersion = 48;
	objects = {

/* Begin PBXBuildFile section */
		B1EE539B1F9A636C000F4C1B /* AppDelegate.swift in Sources */ = {isa = PBXBuildFile; fileRef = B1EE539A1F9A636C000F4C1B /* AppDelegate.swift */; };
		B1EE539D1F9A636C000F4C1B /* ViewController.swift in Sources */ = {isa = PBXBuildFile; fileRef = B1EE539C1F9A636C000F4C1B /* ViewController.swift */; };
		B1EE53A01F9A636C000F4C1B /* Main.storyboard in Resources */ = {isa = PBXBuildFile; fileRef = B1EE539E1F9A636C000F4C1B /* Main.storyboard */; };
		B1EE53A21F9A636C000F4C1B /* Assets.xcassets in Resources */ = {isa = PBXBuildFile; fileRef = B1EE53A11F9A636C000F4C1B /* Assets.xcassets */; };
		B1EE53A51F9A636C000F4C1B /* LaunchScreen.storyboard in Resources */ = {isa = PBXBuildFile; fileRef = B1EE53A31F9A636C000F4C1B /* LaunchScreen.storyboard */; };
		B1EE53B01F9A636D000F4C1B /* WordTrotterTests.swift in Sources */ = {isa = PBXBuildFile; fileRef = B1EE53AF1F9A636D000F4C1B /* WordTrotterTests.swift */; };
		B1EE53BB1F9A636D000F4C1B /* WordTrotterUITests.swift in Sources */ = {isa = PBXBuildFile; fileRef = B1EE53BA1F9A636D000F4C1B /* WordTrotterUITests.swift */; };
/* End PBXBuildFile section */

/* Begin PBXContainerItemProxy section */
		B1EE53AC1F9A636D000F4C1B /* PBXContainerItemProxy */ = {
			isa = PBXContainerItemProxy;
			containerPortal = B1EE538F1F9A636C000F4C1B /* Project object */;
			proxyType = 1;
			remoteGlobalIDString = B1EE53961F9A636C000F4C1B;
			remoteInfo = WordTrotter;
		};
		B1EE53B71F9A636D000F4C1B /* PBXContainerItemProxy */ = {
			isa = PBXContainerItemProxy;
			containerPortal = B1EE538F1F9A636C000F4C1B /* Project object */;
			proxyType = 1;
			remoteGlobalIDString = B1EE53961F9A636C000F4C1B;
			remoteInfo = WordTrotter;
		};
/* End PBXContainerItemProxy section */

/* Begin PBXFileReference section */
		B1EE53971F9A636C000F4C1B /* WordTrotter.app */ = {isa = PBXFileReference; explicitFileType = wrapper.application; includeInIndex = 0; path = WordTrotter.app; sourceTree = BUILT_PRODUCTS_DIR; };
		B1EE539A1F9A636C000F4C1B /* AppDelegate.swift */ = {isa = PBXFileReference; lastKnownFileType = sourcecode.swift; path = AppDelegate.swift; sourceTree = "<group>"; };
		B1EE539C1F9A636C000F4C1B /* ViewController.swift */ = {isa = PBXFileReference; lastKnownFileType = sourcecode.swift; path = ViewController.swift; sourceTree = "<group>"; };
		B1EE539F1F9A636C000F4C1B /* Base */ = {isa = PBXFileReference; lastKnownFileType = file.storyboard; name = Base; path = Base.lproj/Main.storyboard; sourceTree = "<group>"; };
		B1EE53A11F9A636C000F4C1B /* Assets.xcassets */ = {isa = PBXFileReference; lastKnownFileType = folder.assetcatalog; path = Assets.xcassets; sourceTree = "<group>"; };
		B1EE53A41F9A636C000F4C1B /* Base */ = {isa = PBXFileReference; lastKnownFileType = file.storyboard; name = Base; path = Base.lproj/LaunchScreen.storyboard; sourceTree = "<group>"; };
		B1EE53A61F9A636C000F4C1B /* Info.plist */ = {isa = PBXFileReference; lastKnownFileType = text.plist.xml; path = Info.plist; sourceTree = "<group>"; };
		B1EE53AB1F9A636D000F4C1B /* WordTrotterTests.xctest */ = {isa = PBXFileReference; explicitFileType = wrapper.cfbundle; includeInIndex = 0; path = WordTrotterTests.xctest; sourceTree = BUILT_PRODUCTS_DIR; };
		B1EE53AF1F9A636D000F4C1B /* WordTrotterTests.swift */ = {isa = PBXFileReference; lastKnownFileType = sourcecode.swift; path = WordTrotterTests.swift; sourceTree = "<group>"; };
		B1EE53B11F9A636D000F4C1B /* Info.plist */ = {isa = PBXFileReference; lastKnownFileType = text.plist.xml; path = Info.plist; sourceTree = "<group>"; };
		B1EE53B61F9A636D000F4C1B /* WordTrotterUITests.xctest */ = {isa = PBXFileReference; explicitFileType = wrapper.cfbundle; includeInIndex = 0; path = WordTrotterUITests.xctest; sourceTree = BUILT_PRODUCTS_DIR; };
		B1EE53BA1F9A636D000F4C1B /* WordTrotterUITests.swift */ = {isa = PBXFileReference; lastKnownFileType = sourcecode.swift; path = WordTrotterUITests.swift; sourceTree = "<group>"; };
		B1EE53BC1F9A636D000F4C1B /* Info.plist */ = {isa = PBXFileReference; lastKnownFileType = text.plist.xml; path = Info.plist; sourceTree = "<group>"; };
/* End PBXFileReference section */

/* Begin PBXFrameworksBuildPhase section */
		B1EE53941F9A636C000F4C1B /* Frameworks */ = {
			isa = PBXFrameworksBuildPhase;
			buildActionMask = 2147483647;
			files = (
			);
			runOnlyForDeploymentPostprocessing = 0;
		};
		B1EE53A81F9A636D000F4C1B /* Frameworks */ = {
			isa = PBXFrameworksBuildPhase;
			buildActionMask = 2147483647;
			files = (
			);
			runOnlyForDeploymentPostprocessing = 0;
		};
		B1EE53B31F9A636D000F4C1B /* Frameworks */ = {
			isa = PBXFrameworksBuildPhase;
			buildActionMask = 2147483647;
			files = (
			);
			runOnlyForDeploymentPostprocessing = 0;
		};
/* End PBXFrameworksBuildPhase section */

/* Begin PBXGroup section */
		B1EE538E1F9A636C000F4C1B = {
			isa = PBXGroup;
			children = (
				B1EE53991F9A636C000F4C1B /* WordTrotter */,
				B1EE53AE1F9A636D000F4C1B /* WordTrotterTests */,
				B1EE53B91F9A636D000F4C1B /* WordTrotterUITests */,
				B1EE53981F9A636C000F4C1B /* Products */,
			);
			sourceTree = "<group>";
		};
		B1EE53981F9A636C000F4C1B /* Products */ = {
			isa = PBXGroup;
			children = (
				B1EE53971F9A636C000F4C1B /* WordTrotter.app */,
				B1EE53AB1F9A636D000F4C1B /* WordTrotterTests.xctest */,
				B1EE53B61F9A636D000F4C1B /* WordTrotterUITests.xctest */,
			);
			name = Products;
			sourceTree = "<group>";
		};
		B1EE53991F9A636C000F4C1B /* WordTrotter */ = {
			isa = PBXGroup;
			children = (
				B1EE539A1F9A636C000F4C1B /* AppDelegate.swift */,
				B1EE539C1F9A636C000F4C1B /* ViewController.swift */,
				B1EE539E1F9A636C000F4C1B /* Main.storyboard */,
				B1EE53A11F9A636C000F4C1B /* Assets.xcassets */,
				B1EE53A31F9A636C000F4C1B /* LaunchScreen.storyboard */,
				B1EE53A61F9A636C000F4C1B /* Info.plist */,
			);
			path = WordTrotter;
			sourceTree = "<group>";
		};
		B1EE53AE1F9A636D000F4C1B /* WordTrotterTests */ = {
			isa = PBXGroup;
			children = (
				B1EE53AF1F9A636D000F4C1B /* WordTrotterTests.swift */,
				B1EE53B11F9A636D000F4C1B /* Info.plist */,
			);
			path = WordTrotterTests;
			sourceTree = "<group>";
		};
		B1EE53B91F9A636D000F4C1B /* WordTrotterUITests */ = {
			isa = PBXGroup;
			children = (
				B1EE53BA1F9A636D000F4C1B /* WordTrotterUITests.swift */,
				B1EE53BC1F9A636D000F4C1B /* Info.plist */,
			);
			path = WordTrotterUITests;
			sourceTree = "<group>";
		};
/* End PBXGroup section */

/* Begin PBXNativeTarget section */
		B1EE53961F9A636C000F4C1B /* WordTrotter */ = {
			isa = PBXNativeTarget;
			buildConfigurationList = B1EE53BF1F9A636D000F4C1B /* Build configuration list for PBXNativeTarget "WordTrotter" */;
			buildPhases = (
				B1EE53931F9A636C000F4C1B /* Sources */,
				B1EE53941F9A636C000F4C1B /* Frameworks */,
				B1EE53951F9A636C000F4C1B /* Resources */,
			);
			buildRules = (
			);
			dependencies = (
			);
			name = WordTrotter;
			productName = WordTrotter;
			productReference = B1EE53971F9A636C000F4C1B /* WordTrotter.app */;
			productType = "com.apple.product-type.application";
		};
		B1EE53AA1F9A636D000F4C1B /* WordTrotterTests */ = {
			isa = PBXNativeTarget;
			buildConfigurationList = B1EE53C21F9A636D000F4C1B /* Build configuration list for PBXNativeTarget "WordTrotterTests" */;
			buildPhases = (
				B1EE53A71F9A636D000F4C1B /* Sources */,
				B1EE53A81F9A636D000F4C1B /* Frameworks */,
				B1EE53A91F9A636D000F4C1B /* Resources */,
			);
			buildRules = (
			);
			dependencies = (
				B1EE53AD1F9A636D000F4C1B /* PBXTargetDependency */,
			);
			name = WordTrotterTests;
			productName = WordTrotterTests;
			productReference = B1EE53AB1F9A636D000F4C1B /* WordTrotterTests.xctest */;
			productType = "com.apple.product-type.bundle.unit-test";
		};
		B1EE53B51F9A636D000F4C1B /* WordTrotterUITests */ = {
			isa = PBXNativeTarget;
			buildConfigurationList = B1EE53C51F9A636D000F4C1B /* Build configuration list for PBXNativeTarget "WordTrotterUITests" */;
			buildPhases = (
				B1EE53B21F9A636D000F4C1B /* Sources */,
				B1EE53B31F9A636D000F4C1B /* Frameworks */,
				B1EE53B41F9A636D000F4C1B /* Resources */,
			);
			buildRules = (
			);
			dependencies = (
				B1EE53B81F9A636D000F4C1B /* PBXTargetDependency */,
			);
			name = WordTrotterUITests;
			productName = WordTrotterUITests;
			productReference = B1EE53B61F9A636D000F4C1B /* WordTrotterUITests.xctest */;
			productType = "com.apple.product-type.bundle.ui-testing";
		};
/* End PBXNativeTarget section */

/* Begin PBXProject section */
		B1EE538F1F9A636C000F4C1B /* Project object */ = {
			isa = PBXProject;
			attributes = {
				LastSwiftUpdateCheck = 0900;
				LastUpgradeCheck = 0900;
				ORGANIZATIONNAME = "jaime jahuey";
				TargetAttributes = {
					B1EE53961F9A636C000F4C1B = {
						CreatedOnToolsVersion = 9.0;
						ProvisioningStyle = Automatic;
					};
					B1EE53AA1F9A636D000F4C1B = {
						CreatedOnToolsVersion = 9.0;
						ProvisioningStyle = Automatic;
						TestTargetID = B1EE53961F9A636C000F4C1B;
					};
					B1EE53B51F9A636D000F4C1B = {
						CreatedOnToolsVersion = 9.0;
						ProvisioningStyle = Automatic;
						TestTargetID = B1EE53961F9A636C000F4C1B;
					};
				};
			};
			buildConfigurationList = B1EE53921F9A636C000F4C1B /* Build configuration list for PBXProject "WordTrotter" */;
			compatibilityVersion = "Xcode 8.0";
			developmentRegion = en;
			hasScannedForEncodings = 0;
			knownRegions = (
				en,
				Base,
			);
			mainGroup = B1EE538E1F9A636C000F4C1B;
			productRefGroup = B1EE53981F9A636C000F4C1B /* Products */;
			projectDirPath = "";
			projectRoot = "";
			targets = (
				B1EE53961F9A636C000F4C1B /* WordTrotter */,
				B1EE53AA1F9A636D000F4C1B /* WordTrotterTests */,
				B1EE53B51F9A636D000F4C1B /* WordTrotterUITests */,
			);
		};
/* End PBXProject section */

/* Begin PBXResourcesBuildPhase section */
		B1EE53951F9A636C000F4C1B /* Resources */ = {
			isa = PBXResourcesBuildPhase;
			buildActionMask = 2147483647;
			files = (
				B1EE53A51F9A636C000F4C1B /* LaunchScreen.storyboard in Resources */,
				B1EE53A21F9A636C000F4C1B /* Assets.xcassets in Resources */,
				B1EE53A01F9A636C000F4C1B /* Main.storyboard in Resources */,
			);
			runOnlyForDeploymentPostprocessing = 0;
		};
		B1EE53A91F9A636D000F4C1B /* Resources */ = {
			isa = PBXResourcesBuildPhase;
			buildActionMask = 2147483647;
			files = (
			);
			runOnlyForDeploymentPostprocessing = 0;
		};
		B1EE53B41F9A636D000F4C1B /* Resources */ = {
			isa = PBXResourcesBuildPhase;
			buildActionMask = 2147483647;
			files = (
			);
			runOnlyForDeploymentPostprocessing = 0;
		};
/* End PBXResourcesBuildPhase section */

/* Begin PBXSourcesBuildPhase section */
		B1EE53931F9A636C000F4C1B /* Sources */ = {
			isa = PBXSourcesBuildPhase;
			buildActionMask = 2147483647;
			files = (
				B1EE539D1F9A636C000F4C1B /* ViewController.swift in Sources */,
				B1EE539B1F9A636C000F4C1B /* AppDelegate.swift in Sources */,
			);
			runOnlyForDeploymentPostprocessing = 0;
		};
		B1EE53A71F9A636D000F4C1B /* Sources */ = {
			isa = PBXSourcesBuildPhase;
			buildActionMask = 2147483647;
			files = (
				B1EE53B01F9A636D000F4C1B /* WordTrotterTests.swift in Sources */,
			);
			runOnlyForDeploymentPostprocessing = 0;
		};
		B1EE53B21F9A636D000F4C1B /* Sources */ = {
			isa = PBXSourcesBuildPhase;
			buildActionMask = 2147483647;
			files = (
				B1EE53BB1F9A636D000F4C1B /* WordTrotterUITests.swift in Sources */,
			);
			runOnlyForDeploymentPostprocessing = 0;
		};
/* End PBXSourcesBuildPhase section */

/* Begin PBXTargetDependency section */
		B1EE53AD1F9A636D000F4C1B /* PBXTargetDependency */ = {
			isa = PBXTargetDependency;
			target = B1EE53961F9A636C000F4C1B /* WordTrotter */;
			targetProxy = B1EE53AC1F9A636D000F4C1B /* PBXContainerItemProxy */;
		};
		B1EE53B81F9A636D000F4C1B /* PBXTargetDependency */ = {
			isa = PBXTargetDependency;
			target = B1EE53961F9A636C000F4C1B /* WordTrotter */;
			targetProxy = B1EE53B71F9A636D000F4C1B /* PBXContainerItemProxy */;
		};
/* End PBXTargetDependency section */

/* Begin PBXVariantGroup section */
		B1EE539E1F9A636C000F4C1B /* Main.storyboard */ = {
			isa = PBXVariantGroup;
			children = (
				B1EE539F1F9A636C000F4C1B /* Base */,
			);
			name = Main.storyboard;
			sourceTree = "<group>";
		};
		B1EE53A31F9A636C000F4C1B /* LaunchScreen.storyboard */ = {
			isa = PBXVariantGroup;
			children = (
				B1EE53A41F9A636C000F4C1B /* Base */,
			);
			name = LaunchScreen.storyboard;
			sourceTree = "<group>";
		};
/* End PBXVariantGroup section */

/* Begin XCBuildConfiguration section */
		B1EE53BD1F9A636D000F4C1B /* Debug */ = {
			isa = XCBuildConfiguration;
			buildSettings = {
				ALWAYS_SEARCH_USER_PATHS = NO;
				CLANG_ANALYZER_NONNULL = YES;
				CLANG_ANALYZER_NUMBER_OBJECT_CONVERSION = YES_AGGRESSIVE;
				CLANG_CXX_LANGUAGE_STANDARD = "gnu++14";
				CLANG_CXX_LIBRARY = "libc++";
				CLANG_ENABLE_MODULES = YES;
				CLANG_ENABLE_OBJC_ARC = YES;
				CLANG_WARN_BLOCK_CAPTURE_AUTORELEASING = YES;
				CLANG_WARN_BOOL_CONVERSION = YES;
				CLANG_WARN_COMMA = YES;
				CLANG_WARN_CONSTANT_CONVERSION = YES;
				CLANG_WARN_DIRECT_OBJC_ISA_USAGE = YES_ERROR;
				CLANG_WARN_DOCUMENTATION_COMMENTS = YES;
				CLANG_WARN_EMPTY_BODY = YES;
				CLANG_WARN_ENUM_CONVERSION = YES;
				CLANG_WARN_INFINITE_RECURSION = YES;
				CLANG_WARN_INT_CONVERSION = YES;
				CLANG_WARN_NON_LITERAL_NULL_CONVERSION = YES;
				CLANG_WARN_OBJC_LITERAL_CONVERSION = YES;
				CLANG_WARN_OBJC_ROOT_CLASS = YES_ERROR;
				CLANG_WARN_RANGE_LOOP_ANALYSIS = YES;
				CLANG_WARN_STRICT_PROTOTYPES = YES;
				CLANG_WARN_SUSPICIOUS_MOVE = YES;
				CLANG_WARN_UNGUARDED_AVAILABILITY = YES_AGGRESSIVE;
				CLANG_WARN_UNREACHABLE_CODE = YES;
				CLANG_WARN__DUPLICATE_METHOD_MATCH = YES;
				CODE_SIGN_IDENTITY = "iPhone Developer";
				COPY_PHASE_STRIP = NO;
				DEBUG_INFORMATION_FORMAT = dwarf;
				ENABLE_STRICT_OBJC_MSGSEND = YES;
				ENABLE_TESTABILITY = YES;
				GCC_C_LANGUAGE_STANDARD = gnu11;
				GCC_DYNAMIC_NO_PIC = NO;
				GCC_NO_COMMON_BLOCKS = YES;
				GCC_OPTIMIZATION_LEVEL = 0;
				GCC_PREPROCESSOR_DEFINITIONS = (
					"DEBUG=1",
					"$(inherited)",
				);
				GCC_WARN_64_TO_32_BIT_CONVERSION = YES;
				GCC_WARN_ABOUT_RETURN_TYPE = YES_ERROR;
				GCC_WARN_UNDECLARED_SELECTOR = YES;
				GCC_WARN_UNINITIALIZED_AUTOS = YES_AGGRESSIVE;
				GCC_WARN_UNUSED_FUNCTION = YES;
				GCC_WARN_UNUSED_VARIABLE = YES;
				IPHONEOS_DEPLOYMENT_TARGET = 11.0;
				MTL_ENABLE_DEBUG_INFO = YES;
				ONLY_ACTIVE_ARCH = YES;
				SDKROOT = iphoneos;
				SWIFT_ACTIVE_COMPILATION_CONDITIONS = DEBUG;
				SWIFT_OPTIMIZATION_LEVEL = "-Onone";
			};
			name = Debug;
		};
		B1EE53BE1F9A636D000F4C1B /* Release */ = {
			isa = XCBuildConfiguration;
			buildSettings = {
				ALWAYS_SEARCH_USER_PATHS = NO;
				CLANG_ANALYZER_NONNULL = YES;
				CLANG_ANALYZER_NUMBER_OBJECT_CONVERSION = YES_AGGRESSIVE;
				CLANG_CXX_LANGUAGE_STANDARD = "gnu++14";
				CLANG_CXX_LIBRARY = "libc++";
				CLANG_ENABLE_MODULES = YES;
				CLANG_ENABLE_OBJC_ARC = YES;
				CLANG_WARN_BLOCK_CAPTURE_AUTORELEASING = YES;
				CLANG_WARN_BOOL_CONVERSION = YES;
				CLANG_WARN_COMMA = YES;
				CLANG_WARN_CONSTANT_CONVERSION = YES;
				CLANG_WARN_DIRECT_OBJC_ISA_USAGE = YES_ERROR;
				CLANG_WARN_DOCUMENTATION_COMMENTS = YES;
				CLANG_WARN_EMPTY_BODY = YES;
				CLANG_WARN_ENUM_CONVERSION = YES;
				CLANG_WARN_INFINITE_RECURSION = YES;
				CLANG_WARN_INT_CONVERSION = YES;
				CLANG_WARN_NON_LITERAL_NULL_CONVERSION = YES;
				CLANG_WARN_OBJC_LITERAL_CONVERSION = YES;
				CLANG_WARN_OBJC_ROOT_CLASS = YES_ERROR;
				CLANG_WARN_RANGE_LOOP_ANALYSIS = YES;
				CLANG_WARN_STRICT_PROTOTYPES = YES;
				CLANG_WARN_SUSPICIOUS_MOVE = YES;
				CLANG_WARN_UNGUARDED_AVAILABILITY = YES_AGGRESSIVE;
				CLANG_WARN_UNREACHABLE_CODE = YES;
				CLANG_WARN__DUPLICATE_METHOD_MATCH = YES;
				CODE_SIGN_IDENTITY = "iPhone Developer";
				COPY_PHASE_STRIP = NO;
				DEBUG_INFORMATION_FORMAT = "dwarf-with-dsym";
				ENABLE_NS_ASSERTIONS = NO;
				ENABLE_STRICT_OBJC_MSGSEND = YES;
				GCC_C_LANGUAGE_STANDARD = gnu11;
				GCC_NO_COMMON_BLOCKS = YES;
				GCC_WARN_64_TO_32_BIT_CONVERSION = YES;
				GCC_WARN_ABOUT_RETURN_TYPE = YES_ERROR;
				GCC_WARN_UNDECLARED_SELECTOR = YES;
				GCC_WARN_UNINITIALIZED_AUTOS = YES_AGGRESSIVE;
				GCC_WARN_UNUSED_FUNCTION = YES;
				GCC_WARN_UNUSED_VARIABLE = YES;
				IPHONEOS_DEPLOYMENT_TARGET = 11.0;
				MTL_ENABLE_DEBUG_INFO = NO;
				SDKROOT = iphoneos;
				SWIFT_OPTIMIZATION_LEVEL = "-Owholemodule";
				VALIDATE_PRODUCT = YES;
			};
			name = Release;
		};
		B1EE53C01F9A636D000F4C1B /* Debug */ = {
			isa = XCBuildConfiguration;
			buildSettings = {
				ASSETCATALOG_COMPILER_APPICON_NAME = AppIcon;
				CODE_SIGN_STYLE = Automatic;
				INFOPLIST_FILE = WordTrotter/Info.plist;
				LD_RUNPATH_SEARCH_PATHS = "$(inherited) @executable_path/Frameworks";
				PRODUCT_BUNDLE_IDENTIFIER = com.jaimejahuey.WordTrotter;
				PRODUCT_NAME = "$(TARGET_NAME)";
				SWIFT_VERSION = 4.0;
				TARGETED_DEVICE_FAMILY = "1,2";
			};
			name = Debug;
		};
		B1EE53C11F9A636D000F4C1B /* Release */ = {
			isa = XCBuildConfiguration;
			buildSettings = {
				ASSETCATALOG_COMPILER_APPICON_NAME = AppIcon;
				CODE_SIGN_STYLE = Automatic;
				INFOPLIST_FILE = WordTrotter/Info.plist;
				LD_RUNPATH_SEARCH_PATHS = "$(inherited) @executable_path/Frameworks";
				PRODUCT_BUNDLE_IDENTIFIER = com.jaimejahuey.WordTrotter;
				PRODUCT_NAME = "$(TARGET_NAME)";
				SWIFT_VERSION = 4.0;
				TARGETED_DEVICE_FAMILY = "1,2";
			};
			name = Release;
		};
		B1EE53C31F9A636D000F4C1B /* Debug */ = {
			isa = XCBuildConfiguration;
			buildSettings = {
				ALWAYS_EMBED_SWIFT_STANDARD_LIBRARIES = YES;
				BUNDLE_LOADER = "$(TEST_HOST)";
				CODE_SIGN_STYLE = Automatic;
				INFOPLIST_FILE = WordTrotterTests/Info.plist;
				LD_RUNPATH_SEARCH_PATHS = "$(inherited) @executable_path/Frameworks @loader_path/Frameworks";
				PRODUCT_BUNDLE_IDENTIFIER = com.jaimejahuey.WordTrotterTests;
				PRODUCT_NAME = "$(TARGET_NAME)";
				SWIFT_VERSION = 4.0;
				TARGETED_DEVICE_FAMILY = "1,2";
				TEST_HOST = "$(BUILT_PRODUCTS_DIR)/WordTrotter.app/WordTrotter";
			};
			name = Debug;
		};
		B1EE53C41F9A636D000F4C1B /* Release */ = {
			isa = XCBuildConfiguration;
			buildSettings = {
				ALWAYS_EMBED_SWIFT_STANDARD_LIBRARIES = YES;
				BUNDLE_LOADER = "$(TEST_HOST)";
				CODE_SIGN_STYLE = Automatic;
				INFOPLIST_FILE = WordTrotterTests/Info.plist;
				LD_RUNPATH_SEARCH_PATHS = "$(inherited) @executable_path/Frameworks @loader_path/Frameworks";
				PRODUCT_BUNDLE_IDENTIFIER = com.jaimejahuey.WordTrotterTests;
				PRODUCT_NAME = "$(TARGET_NAME)";
				SWIFT_VERSION = 4.0;
				TARGETED_DEVICE_FAMILY = "1,2";
				TEST_HOST = "$(BUILT_PRODUCTS_DIR)/WordTrotter.app/WordTrotter";
			};
			name = Release;
		};
		B1EE53C61F9A636D000F4C1B /* Debug */ = {
			isa = XCBuildConfiguration;
			buildSettings = {
				ALWAYS_EMBED_SWIFT_STANDARD_LIBRARIES = YES;
				CODE_SIGN_STYLE = Automatic;
				INFOPLIST_FILE = WordTrotterUITests/Info.plist;
				LD_RUNPATH_SEARCH_PATHS = "$(inherited) @executable_path/Frameworks @loader_path/Frameworks";
				PRODUCT_BUNDLE_IDENTIFIER = com.jaimejahuey.WordTrotterUITests;
				PRODUCT_NAME = "$(TARGET_NAME)";
				SWIFT_VERSION = 4.0;
				TARGETED_DEVICE_FAMILY = "1,2";
				TEST_TARGET_NAME = WordTrotter;
			};
			name = Debug;
		};
		B1EE53C71F9A636D000F4C1B /* Release */ = {
			isa = XCBuildConfiguration;
			buildSettings = {
				ALWAYS_EMBED_SWIFT_STANDARD_LIBRARIES = YES;
				CODE_SIGN_STYLE = Automatic;
				INFOPLIST_FILE = WordTrotterUITests/Info.plist;
				LD_RUNPATH_SEARCH_PATHS = "$(inherited) @executable_path/Frameworks @loader_path/Frameworks";
				PRODUCT_BUNDLE_IDENTIFIER = com.jaimejahuey.WordTrotterUITests;
				PRODUCT_NAME = "$(TARGET_NAME)";
				SWIFT_VERSION = 4.0;
				TARGETED_DEVICE_FAMILY = "1,2";
				TEST_TARGET_NAME = WordTrotter;
			};
			name = Release;
		};
/* End XCBuildConfiguration section */

/* Begin XCConfigurationList section */
		B1EE53921F9A636C000F4C1B /* Build configuration list for PBXProject "WordTrotter" */ = {
			isa = XCConfigurationList;
			buildConfigurations = (
				B1EE53BD1F9A636D000F4C1B /* Debug */,
				B1EE53BE1F9A636D000F4C1B /* Release */,
			);
			defaultConfigurationIsVisible = 0;
			defaultConfigurationName = Release;
		};
		B1EE53BF1F9A636D000F4C1B /* Build configuration list for PBXNativeTarget "WordTrotter" */ = {
			isa = XCConfigurationList;
			buildConfigurations = (
				B1EE53C01F9A636D000F4C1B /* Debug */,
				B1EE53C11F9A636D000F4C1B /* Release */,
			);
			defaultConfigurationIsVisible = 0;
			defaultConfigurationName = Release;
		};
		B1EE53C21F9A636D000F4C1B /* Build configuration list for PBXNativeTarget "WordTrotterTests" */ = {
			isa = XCConfigurationList;
			buildConfigurations = (
				B1EE53C31F9A636D000F4C1B /* Debug */,
				B1EE53C41F9A636D000F4C1B /* Release */,
			);
			defaultConfigurationIsVisible = 0;
			defaultConfigurationName = Release;
		};
		B1EE53C51F9A636D000F4C1B /* Build configuration list for PBXNativeTarget "WordTrotterUITests" */ = {
			isa = XCConfigurationList;
			buildConfigurations = (
				B1EE53C61F9A636D000F4C1B /* Debug */,
				B1EE53C71F9A636D000F4C1B /* Release */,
			);
			defaultConfigurationIsVisible = 0;
			defaultConfigurationName = Release;
		};
/* End XCConfigurationList section */
	};
	rootObject = B1EE538F1F9A636C000F4C1B /* Project object */;
}
